// !$*UTF8*$!
{
	archiveVersion = 1;
	classes = {
	};
	objectVersion = 50;
	objects = {

/* Begin PBXBuildFile section */
		34EDEAA424DCEF8600EDD56D /* AppDelegate.swift in Sources */ = {isa = PBXBuildFile; fileRef = 34EDEAA324DCEF8600EDD56D /* AppDelegate.swift */; };
		34EDEAA624DCEF8600EDD56D /* SceneDelegate.swift in Sources */ = {isa = PBXBuildFile; fileRef = 34EDEAA524DCEF8600EDD56D /* SceneDelegate.swift */; };
		34EDEAA824DCEF8600EDD56D /* ViewController.swift in Sources */ = {isa = PBXBuildFile; fileRef = 34EDEAA724DCEF8600EDD56D /* ViewController.swift */; };
		34EDEAAB24DCEF8600EDD56D /* Main.storyboard in Resources */ = {isa = PBXBuildFile; fileRef = 34EDEAA924DCEF8600EDD56D /* Main.storyboard */; };
		34EDEAAD24DCEF8900EDD56D /* Assets.xcassets in Resources */ = {isa = PBXBuildFile; fileRef = 34EDEAAC24DCEF8900EDD56D /* Assets.xcassets */; };
		34EDEAB024DCEF8900EDD56D /* LaunchScreen.storyboard in Resources */ = {isa = PBXBuildFile; fileRef = 34EDEAAE24DCEF8900EDD56D /* LaunchScreen.storyboard */; };
		34EDEABB24DCEF8A00EDD56D /* calculatorTests.swift in Sources */ = {isa = PBXBuildFile; fileRef = 34EDEABA24DCEF8A00EDD56D /* calculatorTests.swift */; };
		34EDEAC624DCEF8A00EDD56D /* calculatorUITests.swift in Sources */ = {isa = PBXBuildFile; fileRef = 34EDEAC524DCEF8A00EDD56D /* calculatorUITests.swift */; };
/* End PBXBuildFile section */

/* Begin PBXContainerItemProxy section */
		34EDEAB724DCEF8A00EDD56D /* PBXContainerItemProxy */ = {
			isa = PBXContainerItemProxy;
			containerPortal = 34EDEA9824DCEF8600EDD56D /* Project object */;
			proxyType = 1;
			remoteGlobalIDString = 34EDEA9F24DCEF8600EDD56D;
			remoteInfo = calculator;
		};
		34EDEAC224DCEF8A00EDD56D /* PBXContainerItemProxy */ = {
			isa = PBXContainerItemProxy;
			containerPortal = 34EDEA9824DCEF8600EDD56D /* Project object */;
			proxyType = 1;
			remoteGlobalIDString = 34EDEA9F24DCEF8600EDD56D;
			remoteInfo = calculator;
		};
/* End PBXContainerItemProxy section */

/* Begin PBXFileReference section */
		34EDEAA024DCEF8600EDD56D /* calculator.app */ = {isa = PBXFileReference; explicitFileType = wrapper.application; includeInIndex = 0; path = calculator.app; sourceTree = BUILT_PRODUCTS_DIR; };
		34EDEAA324DCEF8600EDD56D /* AppDelegate.swift */ = {isa = PBXFileReference; lastKnownFileType = sourcecode.swift; path = AppDelegate.swift; sourceTree = "<group>"; };
		34EDEAA524DCEF8600EDD56D /* SceneDelegate.swift */ = {isa = PBXFileReference; lastKnownFileType = sourcecode.swift; path = SceneDelegate.swift; sourceTree = "<group>"; };
		34EDEAA724DCEF8600EDD56D /* ViewController.swift */ = {isa = PBXFileReference; lastKnownFileType = sourcecode.swift; path = ViewController.swift; sourceTree = "<group>"; };
		34EDEAAA24DCEF8600EDD56D /* Base */ = {isa = PBXFileReference; lastKnownFileType = file.storyboard; name = Base; path = Base.lproj/Main.storyboard; sourceTree = "<group>"; };
		34EDEAAC24DCEF8900EDD56D /* Assets.xcassets */ = {isa = PBXFileReference; lastKnownFileType = folder.assetcatalog; path = Assets.xcassets; sourceTree = "<group>"; };
		34EDEAAF24DCEF8900EDD56D /* Base */ = {isa = PBXFileReference; lastKnownFileType = file.storyboard; name = Base; path = Base.lproj/LaunchScreen.storyboard; sourceTree = "<group>"; };
		34EDEAB124DCEF8900EDD56D /* Info.plist */ = {isa = PBXFileReference; lastKnownFileType = text.plist.xml; path = Info.plist; sourceTree = "<group>"; };
		34EDEAB624DCEF8A00EDD56D /* calculatorTests.xctest */ = {isa = PBXFileReference; explicitFileType = wrapper.cfbundle; includeInIndex = 0; path = calculatorTests.xctest; sourceTree = BUILT_PRODUCTS_DIR; };
		34EDEABA24DCEF8A00EDD56D /* calculatorTests.swift */ = {isa = PBXFileReference; lastKnownFileType = sourcecode.swift; path = calculatorTests.swift; sourceTree = "<group>"; };
		34EDEABC24DCEF8A00EDD56D /* Info.plist */ = {isa = PBXFileReference; lastKnownFileType = text.plist.xml; path = Info.plist; sourceTree = "<group>"; };
		34EDEAC124DCEF8A00EDD56D /* calculatorUITests.xctest */ = {isa = PBXFileReference; explicitFileType = wrapper.cfbundle; includeInIndex = 0; path = calculatorUITests.xctest; sourceTree = BUILT_PRODUCTS_DIR; };
		34EDEAC524DCEF8A00EDD56D /* calculatorUITests.swift */ = {isa = PBXFileReference; lastKnownFileType = sourcecode.swift; path = calculatorUITests.swift; sourceTree = "<group>"; };
		34EDEAC724DCEF8A00EDD56D /* Info.plist */ = {isa = PBXFileReference; lastKnownFileType = text.plist.xml; path = Info.plist; sourceTree = "<group>"; };
/* End PBXFileReference section */

/* Begin PBXFrameworksBuildPhase section */
		34EDEA9D24DCEF8600EDD56D /* Frameworks */ = {
			isa = PBXFrameworksBuildPhase;
			buildActionMask = 2147483647;
			files = (
			);
			runOnlyForDeploymentPostprocessing = 0;
		};
		34EDEAB324DCEF8A00EDD56D /* Frameworks */ = {
			isa = PBXFrameworksBuildPhase;
			buildActionMask = 2147483647;
			files = (
			);
			runOnlyForDeploymentPostprocessing = 0;
		};
		34EDEABE24DCEF8A00EDD56D /* Frameworks */ = {
			isa = PBXFrameworksBuildPhase;
			buildActionMask = 2147483647;
			files = (
			);
			runOnlyForDeploymentPostprocessing = 0;
		};
/* End PBXFrameworksBuildPhase section */

/* Begin PBXGroup section */
		34EDEA9724DCEF8600EDD56D = {
			isa = PBXGroup;
			children = (
				34EDEAA224DCEF8600EDD56D /* calculator */,
				34EDEAB924DCEF8A00EDD56D /* calculatorTests */,
				34EDEAC424DCEF8A00EDD56D /* calculatorUITests */,
				34EDEAA124DCEF8600EDD56D /* Products */,
			);
			sourceTree = "<group>";
		};
		34EDEAA124DCEF8600EDD56D /* Products */ = {
			isa = PBXGroup;
			children = (
				34EDEAA024DCEF8600EDD56D /* calculator.app */,
				34EDEAB624DCEF8A00EDD56D /* calculatorTests.xctest */,
				34EDEAC124DCEF8A00EDD56D /* calculatorUITests.xctest */,
			);
			name = Products;
			sourceTree = "<group>";
		};
		34EDEAA224DCEF8600EDD56D /* calculator */ = {
			isa = PBXGroup;
			children = (
				34EDEAA324DCEF8600EDD56D /* AppDelegate.swift */,
				34EDEAA524DCEF8600EDD56D /* SceneDelegate.swift */,
				34EDEAA724DCEF8600EDD56D /* ViewController.swift */,
				34EDEAA924DCEF8600EDD56D /* Main.storyboard */,
				34EDEAAC24DCEF8900EDD56D /* Assets.xcassets */,
				34EDEAAE24DCEF8900EDD56D /* LaunchScreen.storyboard */,
				34EDEAB124DCEF8900EDD56D /* Info.plist */,
			);
			path = calculator;
			sourceTree = "<group>";
		};
		34EDEAB924DCEF8A00EDD56D /* calculatorTests */ = {
			isa = PBXGroup;
			children = (
				34EDEABA24DCEF8A00EDD56D /* calculatorTests.swift */,
				34EDEABC24DCEF8A00EDD56D /* Info.plist */,
			);
			path = calculatorTests;
			sourceTree = "<group>";
		};
		34EDEAC424DCEF8A00EDD56D /* calculatorUITests */ = {
			isa = PBXGroup;
			children = (
				34EDEAC524DCEF8A00EDD56D /* calculatorUITests.swift */,
				34EDEAC724DCEF8A00EDD56D /* Info.plist */,
			);
			path = calculatorUITests;
			sourceTree = "<group>";
		};
/* End PBXGroup section */

/* Begin PBXNativeTarget section */
		34EDEA9F24DCEF8600EDD56D /* calculator */ = {
			isa = PBXNativeTarget;
			buildConfigurationList = 34EDEACA24DCEF8A00EDD56D /* Build configuration list for PBXNativeTarget "calculator" */;
			buildPhases = (
				34EDEA9C24DCEF8600EDD56D /* Sources */,
				34EDEA9D24DCEF8600EDD56D /* Frameworks */,
				34EDEA9E24DCEF8600EDD56D /* Resources */,
			);
			buildRules = (
			);
			dependencies = (
			);
			name = calculator;
			productName = calculator;
			productReference = 34EDEAA024DCEF8600EDD56D /* calculator.app */;
			productType = "com.apple.product-type.application";
		};
		34EDEAB524DCEF8A00EDD56D /* calculatorTests */ = {
			isa = PBXNativeTarget;
			buildConfigurationList = 34EDEACD24DCEF8A00EDD56D /* Build configuration list for PBXNativeTarget "calculatorTests" */;
			buildPhases = (
				34EDEAB224DCEF8A00EDD56D /* Sources */,
				34EDEAB324DCEF8A00EDD56D /* Frameworks */,
				34EDEAB424DCEF8A00EDD56D /* Resources */,
			);
			buildRules = (
			);
			dependencies = (
				34EDEAB824DCEF8A00EDD56D /* PBXTargetDependency */,
			);
			name = calculatorTests;
			productName = calculatorTests;
			productReference = 34EDEAB624DCEF8A00EDD56D /* calculatorTests.xctest */;
			productType = "com.apple.product-type.bundle.unit-test";
		};
		34EDEAC024DCEF8A00EDD56D /* calculatorUITests */ = {
			isa = PBXNativeTarget;
			buildConfigurationList = 34EDEAD024DCEF8A00EDD56D /* Build configuration list for PBXNativeTarget "calculatorUITests" */;
			buildPhases = (
				34EDEABD24DCEF8A00EDD56D /* Sources */,
				34EDEABE24DCEF8A00EDD56D /* Frameworks */,
				34EDEABF24DCEF8A00EDD56D /* Resources */,
			);
			buildRules = (
			);
			dependencies = (
				34EDEAC324DCEF8A00EDD56D /* PBXTargetDependency */,
			);
			name = calculatorUITests;
			productName = calculatorUITests;
			productReference = 34EDEAC124DCEF8A00EDD56D /* calculatorUITests.xctest */;
			productType = "com.apple.product-type.bundle.ui-testing";
		};
/* End PBXNativeTarget section */

/* Begin PBXProject section */
		34EDEA9824DCEF8600EDD56D /* Project object */ = {
			isa = PBXProject;
			attributes = {
				LastSwiftUpdateCheck = 1130;
				LastUpgradeCheck = 1130;
				ORGANIZATIONNAME = Codepath;
				TargetAttributes = {
					34EDEA9F24DCEF8600EDD56D = {
						CreatedOnToolsVersion = 11.3;
					};
					34EDEAB524DCEF8A00EDD56D = {
						CreatedOnToolsVersion = 11.3;
						TestTargetID = 34EDEA9F24DCEF8600EDD56D;
					};
					34EDEAC024DCEF8A00EDD56D = {
						CreatedOnToolsVersion = 11.3;
						TestTargetID = 34EDEA9F24DCEF8600EDD56D;
					};
				};
			};
			buildConfigurationList = 34EDEA9B24DCEF8600EDD56D /* Build configuration list for PBXProject "calculator" */;
			compatibilityVersion = "Xcode 9.3";
			developmentRegion = en;
			hasScannedForEncodings = 0;
			knownRegions = (
				en,
				Base,
			);
			mainGroup = 34EDEA9724DCEF8600EDD56D;
			productRefGroup = 34EDEAA124DCEF8600EDD56D /* Products */;
			projectDirPath = "";
			projectRoot = "";
			targets = (
				34EDEA9F24DCEF8600EDD56D /* calculator */,
				34EDEAB524DCEF8A00EDD56D /* calculatorTests */,
				34EDEAC024DCEF8A00EDD56D /* calculatorUITests */,
			);
		};
/* End PBXProject section */

/* Begin PBXResourcesBuildPhase section */
		34EDEA9E24DCEF8600EDD56D /* Resources */ = {
			isa = PBXResourcesBuildPhase;
			buildActionMask = 2147483647;
			files = (
				34EDEAB024DCEF8900EDD56D /* LaunchScreen.storyboard in Resources */,
				34EDEAAD24DCEF8900EDD56D /* Assets.xcassets in Resources */,
				34EDEAAB24DCEF8600EDD56D /* Main.storyboard in Resources */,
			);
			runOnlyForDeploymentPostprocessing = 0;
		};
		34EDEAB424DCEF8A00EDD56D /* Resources */ = {
			isa = PBXResourcesBuildPhase;
			buildActionMask = 2147483647;
			files = (
			);
			runOnlyForDeploymentPostprocessing = 0;
		};
		34EDEABF24DCEF8A00EDD56D /* Resources */ = {
			isa = PBXResourcesBuildPhase;
			buildActionMask = 2147483647;
			files = (
			);
			runOnlyForDeploymentPostprocessing = 0;
		};
/* End PBXResourcesBuildPhase section */

/* Begin PBXSourcesBuildPhase section */
		34EDEA9C24DCEF8600EDD56D /* Sources */ = {
			isa = PBXSourcesBuildPhase;
			buildActionMask = 2147483647;
			files = (
				34EDEAA824DCEF8600EDD56D /* ViewController.swift in Sources */,
				34EDEAA424DCEF8600EDD56D /* AppDelegate.swift in Sources */,
				34EDEAA624DCEF8600EDD56D /* SceneDelegate.swift in Sources */,
			);
			runOnlyForDeploymentPostprocessing = 0;
		};
		34EDEAB224DCEF8A00EDD56D /* Sources */ = {
			isa = PBXSourcesBuildPhase;
			buildActionMask = 2147483647;
			files = (
				34EDEABB24DCEF8A00EDD56D /* calculatorTests.swift in Sources */,
			);
			runOnlyForDeploymentPostprocessing = 0;
		};
		34EDEABD24DCEF8A00EDD56D /* Sources */ = {
			isa = PBXSourcesBuildPhase;
			buildActionMask = 2147483647;
			files = (
				34EDEAC624DCEF8A00EDD56D /* calculatorUITests.swift in Sources */,
			);
			runOnlyForDeploymentPostprocessing = 0;
		};
/* End PBXSourcesBuildPhase section */

/* Begin PBXTargetDependency section */
		34EDEAB824DCEF8A00EDD56D /* PBXTargetDependency */ = {
			isa = PBXTargetDependency;
			target = 34EDEA9F24DCEF8600EDD56D /* calculator */;
			targetProxy = 34EDEAB724DCEF8A00EDD56D /* PBXContainerItemProxy */;
		};
		34EDEAC324DCEF8A00EDD56D /* PBXTargetDependency */ = {
			isa = PBXTargetDependency;
			target = 34EDEA9F24DCEF8600EDD56D /* calculator */;
			targetProxy = 34EDEAC224DCEF8A00EDD56D /* PBXContainerItemProxy */;
		};
/* End PBXTargetDependency section */

/* Begin PBXVariantGroup section */
		34EDEAA924DCEF8600EDD56D /* Main.storyboard */ = {
			isa = PBXVariantGroup;
			children = (
				34EDEAAA24DCEF8600EDD56D /* Base */,
			);
			name = Main.storyboard;
			sourceTree = "<group>";
		};
		34EDEAAE24DCEF8900EDD56D /* LaunchScreen.storyboard */ = {
			isa = PBXVariantGroup;
			children = (
				34EDEAAF24DCEF8900EDD56D /* Base */,
			);
			name = LaunchScreen.storyboard;
			sourceTree = "<group>";
		};
/* End PBXVariantGroup section */

/* Begin XCBuildConfiguration section */
		34EDEAC824DCEF8A00EDD56D /* Debug */ = {
			isa = XCBuildConfiguration;
			buildSettings = {
				ALWAYS_SEARCH_USER_PATHS = NO;
				CLANG_ANALYZER_NONNULL = YES;
				CLANG_ANALYZER_NUMBER_OBJECT_CONVERSION = YES_AGGRESSIVE;
				CLANG_CXX_LANGUAGE_STANDARD = "gnu++14";
				CLANG_CXX_LIBRARY = "libc++";
				CLANG_ENABLE_MODULES = YES;
				CLANG_ENABLE_OBJC_ARC = YES;
				CLANG_ENABLE_OBJC_WEAK = YES;
				CLANG_WARN_BLOCK_CAPTURE_AUTORELEASING = YES;
				CLANG_WARN_BOOL_CONVERSION = YES;
				CLANG_WARN_COMMA = YES;
				CLANG_WARN_CONSTANT_CONVERSION = YES;
				CLANG_WARN_DEPRECATED_OBJC_IMPLEMENTATIONS = YES;
				CLANG_WARN_DIRECT_OBJC_ISA_USAGE = YES_ERROR;
				CLANG_WARN_DOCUMENTATION_COMMENTS = YES;
				CLANG_WARN_EMPTY_BODY = YES;
				CLANG_WARN_ENUM_CONVERSION = YES;
				CLANG_WARN_INFINITE_RECURSION = YES;
				CLANG_WARN_INT_CONVERSION = YES;
				CLANG_WARN_NON_LITERAL_NULL_CONVERSION = YES;
				CLANG_WARN_OBJC_IMPLICIT_RETAIN_SELF = YES;
				CLANG_WARN_OBJC_LITERAL_CONVERSION = YES;
				CLANG_WARN_OBJC_ROOT_CLASS = YES_ERROR;
				CLANG_WARN_RANGE_LOOP_ANALYSIS = YES;
				CLANG_WARN_STRICT_PROTOTYPES = YES;
				CLANG_WARN_SUSPICIOUS_MOVE = YES;
				CLANG_WARN_UNGUARDED_AVAILABILITY = YES_AGGRESSIVE;
				CLANG_WARN_UNREACHABLE_CODE = YES;
				CLANG_WARN__DUPLICATE_METHOD_MATCH = YES;
				COPY_PHASE_STRIP = NO;
				DEBUG_INFORMATION_FORMAT = dwarf;
				ENABLE_STRICT_OBJC_MSGSEND = YES;
				ENABLE_TESTABILITY = YES;
				GCC_C_LANGUAGE_STANDARD = gnu11;
				GCC_DYNAMIC_NO_PIC = NO;
				GCC_NO_COMMON_BLOCKS = YES;
				GCC_OPTIMIZATION_LEVEL = 0;
				GCC_PREPROCESSOR_DEFINITIONS = (
					"DEBUG=1",
					"$(inherited)",
				);
				GCC_WARN_64_TO_32_BIT_CONVERSION = YES;
				GCC_WARN_ABOUT_RETURN_TYPE = YES_ERROR;
				GCC_WARN_UNDECLARED_SELECTOR = YES;
				GCC_WARN_UNINITIALIZED_AUTOS = YES_AGGRESSIVE;
				GCC_WARN_UNUSED_FUNCTION = YES;
				GCC_WARN_UNUSED_VARIABLE = YES;
				IPHONEOS_DEPLOYMENT_TARGET = 13.2;
				MTL_ENABLE_DEBUG_INFO = INCLUDE_SOURCE;
				MTL_FAST_MATH = YES;
				ONLY_ACTIVE_ARCH = YES;
				SDKROOT = iphoneos;
				SWIFT_ACTIVE_COMPILATION_CONDITIONS = DEBUG;
				SWIFT_OPTIMIZATION_LEVEL = "-Onone";
			};
			name = Debug;
		};
		34EDEAC924DCEF8A00EDD56D /* Release */ = {
			isa = XCBuildConfiguration;
			buildSettings = {
				ALWAYS_SEARCH_USER_PATHS = NO;
				CLANG_ANALYZER_NONNULL = YES;
				CLANG_ANALYZER_NUMBER_OBJECT_CONVERSION = YES_AGGRESSIVE;
				CLANG_CXX_LANGUAGE_STANDARD = "gnu++14";
				CLANG_CXX_LIBRARY = "libc++";
				CLANG_ENABLE_MODULES = YES;
				CLANG_ENABLE_OBJC_ARC = YES;
				CLANG_ENABLE_OBJC_WEAK = YES;
				CLANG_WARN_BLOCK_CAPTURE_AUTORELEASING = YES;
				CLANG_WARN_BOOL_CONVERSION = YES;
				CLANG_WARN_COMMA = YES;
				CLANG_WARN_CONSTANT_CONVERSION = YES;
				CLANG_WARN_DEPRECATED_OBJC_IMPLEMENTATIONS = YES;
				CLANG_WARN_DIRECT_OBJC_ISA_USAGE = YES_ERROR;
				CLANG_WARN_DOCUMENTATION_COMMENTS = YES;
				CLANG_WARN_EMPTY_BODY = YES;
				CLANG_WARN_ENUM_CONVERSION = YES;
				CLANG_WARN_INFINITE_RECURSION = YES;
				CLANG_WARN_INT_CONVERSION = YES;
				CLANG_WARN_NON_LITERAL_NULL_CONVERSION = YES;
				CLANG_WARN_OBJC_IMPLICIT_RETAIN_SELF = YES;
				CLANG_WARN_OBJC_LITERAL_CONVERSION = YES;
				CLANG_WARN_OBJC_ROOT_CLASS = YES_ERROR;
				CLANG_WARN_RANGE_LOOP_ANALYSIS = YES;
				CLANG_WARN_STRICT_PROTOTYPES = YES;
				CLANG_WARN_SUSPICIOUS_MOVE = YES;
				CLANG_WARN_UNGUARDED_AVAILABILITY = YES_AGGRESSIVE;
				CLANG_WARN_UNREACHABLE_CODE = YES;
				CLANG_WARN__DUPLICATE_METHOD_MATCH = YES;
				COPY_PHASE_STRIP = NO;
				DEBUG_INFORMATION_FORMAT = "dwarf-with-dsym";
				ENABLE_NS_ASSERTIONS = NO;
				ENABLE_STRICT_OBJC_MSGSEND = YES;
				GCC_C_LANGUAGE_STANDARD = gnu11;
				GCC_NO_COMMON_BLOCKS = YES;
				GCC_WARN_64_TO_32_BIT_CONVERSION = YES;
				GCC_WARN_ABOUT_RETURN_TYPE = YES_ERROR;
				GCC_WARN_UNDECLARED_SELECTOR = YES;
				GCC_WARN_UNINITIALIZED_AUTOS = YES_AGGRESSIVE;
				GCC_WARN_UNUSED_FUNCTION = YES;
				GCC_WARN_UNUSED_VARIABLE = YES;
				IPHONEOS_DEPLOYMENT_TARGET = 13.2;
				MTL_ENABLE_DEBUG_INFO = NO;
				MTL_FAST_MATH = YES;
				SDKROOT = iphoneos;
				SWIFT_COMPILATION_MODE = wholemodule;
				SWIFT_OPTIMIZATION_LEVEL = "-O";
				VALIDATE_PRODUCT = YES;
			};
			name = Release;
		};
		34EDEACB24DCEF8A00EDD56D /* Debug */ = {
			isa = XCBuildConfiguration;
			buildSettings = {
				ASSETCATALOG_COMPILER_APPICON_NAME = AppIcon;
				CODE_SIGN_STYLE = Automatic;
				INFOPLIST_FILE = calculator/Info.plist;
				LD_RUNPATH_SEARCH_PATHS = (
					"$(inherited)",
					"@executable_path/Frameworks",
				);
				PRODUCT_BUNDLE_IDENTIFIER = Codepath.calculator;
				PRODUCT_NAME = "$(TARGET_NAME)";
				SWIFT_VERSION = 5.0;
				TARGETED_DEVICE_FAMILY = "1,2";
			};
			name = Debug;
		};
		34EDEACC24DCEF8A00EDD56D /* Release */ = {
			isa = XCBuildConfiguration;
			buildSettings = {
				ASSETCATALOG_COMPILER_APPICON_NAME = AppIcon;
				CODE_SIGN_STYLE = Automatic;
				INFOPLIST_FILE = calculator/Info.plist;
				LD_RUNPATH_SEARCH_PATHS = (
					"$(inherited)",
					"@executable_path/Frameworks",
				);
				PRODUCT_BUNDLE_IDENTIFIER = Codepath.calculator;
				PRODUCT_NAME = "$(TARGET_NAME)";
				SWIFT_VERSION = 5.0;
				TARGETED_DEVICE_FAMILY = "1,2";
			};
			name = Release;
		};
		34EDEACE24DCEF8A00EDD56D /* Debug */ = {
			isa = XCBuildConfiguration;
			buildSettings = {
				ALWAYS_EMBED_SWIFT_STANDARD_LIBRARIES = YES;
				BUNDLE_LOADER = "$(TEST_HOST)";
				CODE_SIGN_STYLE = Automatic;
				INFOPLIST_FILE = calculatorTests/Info.plist;
				IPHONEOS_DEPLOYMENT_TARGET = 13.2;
				LD_RUNPATH_SEARCH_PATHS = (
					"$(inherited)",
					"@executable_path/Frameworks",
					"@loader_path/Frameworks",
				);
				PRODUCT_BUNDLE_IDENTIFIER = Codepath.calculatorTests;
				PRODUCT_NAME = "$(TARGET_NAME)";
				SWIFT_VERSION = 5.0;
				TARGETED_DEVICE_FAMILY = "1,2";
				TEST_HOST = "$(BUILT_PRODUCTS_DIR)/calculator.app/calculator";
			};
			name = Debug;
		};
		34EDEACF24DCEF8A00EDD56D /* Release */ = {
			isa = XCBuildConfiguration;
			buildSettings = {
				ALWAYS_EMBED_SWIFT_STANDARD_LIBRARIES = YES;
				BUNDLE_LOADER = "$(TEST_HOST)";
				CODE_SIGN_STYLE = Automatic;
				INFOPLIST_FILE = calculatorTests/Info.plist;
				IPHONEOS_DEPLOYMENT_TARGET = 13.2;
				LD_RUNPATH_SEARCH_PATHS = (
					"$(inherited)",
					"@executable_path/Frameworks",
					"@loader_path/Frameworks",
				);
				PRODUCT_BUNDLE_IDENTIFIER = Codepath.calculatorTests;
				PRODUCT_NAME = "$(TARGET_NAME)";
				SWIFT_VERSION = 5.0;
				TARGETED_DEVICE_FAMILY = "1,2";
				TEST_HOST = "$(BUILT_PRODUCTS_DIR)/calculator.app/calculator";
			};
			name = Release;
		};
		34EDEAD124DCEF8A00EDD56D /* Debug */ = {
			isa = XCBuildConfiguration;
			buildSettings = {
				ALWAYS_EMBED_SWIFT_STANDARD_LIBRARIES = YES;
				CODE_SIGN_STYLE = Automatic;
				INFOPLIST_FILE = calculatorUITests/Info.plist;
				LD_RUNPATH_SEARCH_PATHS = (
					"$(inherited)",
					"@executable_path/Frameworks",
					"@loader_path/Frameworks",
				);
				PRODUCT_BUNDLE_IDENTIFIER = Codepath.calculatorUITests;
				PRODUCT_NAME = "$(TARGET_NAME)";
				SWIFT_VERSION = 5.0;
				TARGETED_DEVICE_FAMILY = "1,2";
				TEST_TARGET_NAME = calculator;
			};
			name = Debug;
		};
		34EDEAD224DCEF8A00EDD56D /* Release */ = {
			isa = XCBuildConfiguration;
			buildSettings = {
				ALWAYS_EMBED_SWIFT_STANDARD_LIBRARIES = YES;
				CODE_SIGN_STYLE = Automatic;
				INFOPLIST_FILE = calculatorUITests/Info.plist;
				LD_RUNPATH_SEARCH_PATHS = (
					"$(inherited)",
					"@executable_path/Frameworks",
					"@loader_path/Frameworks",
				);
				PRODUCT_BUNDLE_IDENTIFIER = Codepath.calculatorUITests;
				PRODUCT_NAME = "$(TARGET_NAME)";
				SWIFT_VERSION = 5.0;
				TARGETED_DEVICE_FAMILY = "1,2";
				TEST_TARGET_NAME = calculator;
			};
			name = Release;
		};
/* End XCBuildConfiguration section */

/* Begin XCConfigurationList section */
		34EDEA9B24DCEF8600EDD56D /* Build configuration list for PBXProject "calculator" */ = {
			isa = XCConfigurationList;
			buildConfigurations = (
				34EDEAC824DCEF8A00EDD56D /* Debug */,
				34EDEAC924DCEF8A00EDD56D /* Release */,
			);
			defaultConfigurationIsVisible = 0;
			defaultConfigurationName = Release;
		};
		34EDEACA24DCEF8A00EDD56D /* Build configuration list for PBXNativeTarget "calculator" */ = {
			isa = XCConfigurationList;
			buildConfigurations = (
				34EDEACB24DCEF8A00EDD56D /* Debug */,
				34EDEACC24DCEF8A00EDD56D /* Release */,
			);
			defaultConfigurationIsVisible = 0;
			defaultConfigurationName = Release;
		};
		34EDEACD24DCEF8A00EDD56D /* Build configuration list for PBXNativeTarget "calculatorTests" */ = {
			isa = XCConfigurationList;
			buildConfigurations = (
				34EDEACE24DCEF8A00EDD56D /* Debug */,
				34EDEACF24DCEF8A00EDD56D /* Release */,
			);
			defaultConfigurationIsVisible = 0;
			defaultConfigurationName = Release;
		};
		34EDEAD024DCEF8A00EDD56D /* Build configuration list for PBXNativeTarget "calculatorUITests" */ = {
			isa = XCConfigurationList;
			buildConfigurations = (
				34EDEAD124DCEF8A00EDD56D /* Debug */,
				34EDEAD224DCEF8A00EDD56D /* Release */,
			);
			defaultConfigurationIsVisible = 0;
			defaultConfigurationName = Release;
		};
/* End XCConfigurationList section */
	};
	rootObject = 34EDEA9824DCEF8600EDD56D /* Project object */;
}
